
Microsoft Visual Studio Solution File, Format Version 12.00
# Visual Studio Version 17
VisualStudioVersion = 17.1.32421.90
MinimumVisualStudioVersion = 10.0.40219.1
Project("{FAE04EC0-301F-11D3-BF4B-00C04F79EFBC}") = "EFDemo", "EFDemo\EFDemo.csproj", "{332FDBF9-73BB-40B0-842D-E5C68B5204EC}"
EndProject
Global
	GlobalSection(SolutionConfigurationPlatforms) = preSolution
		Debug|Any CPU = Debug|Any CPU
		Release|Any CPU = Release|Any CPU
	EndGlobalSection
	GlobalSection(ProjectConfigurationPlatforms) = postSolution
		{332FDBF9-73BB-40B0-842D-E5C68B5204EC}.Debug|Any CPU.ActiveCfg = Debug|Any CPU
		{332FDBF9-73BB-40B0-842D-E5C68B5204EC}.Debug|Any CPU.Build.0 = Debug|Any CPU
		{332FDBF9-73BB-40B0-842D-E5C68B5204EC}.Release|Any CPU.ActiveCfg = Release|Any CPU
		{332FDBF9-73BB-40B0-842D-E5C68B5204EC}.Release|Any CPU.Build.0 = Release|Any CPU
	EndGlobalSection
	GlobalSection(SolutionProperties) = preSolution
		HideSolutionNode = FALSE
	EndGlobalSection
	GlobalSection(ExtensibilityGlobals) = postSolution
		SolutionGuid = {F6C17AC4-F060-43E2-B4C3-2D310FE5CB10}
	EndGlobalSection
EndGlobal
